
Microsoft Visual Studio Solution File, Format Version 12.00
# Visual Studio Version 17
VisualStudioVersion = 17.0.32112.339
MinimumVisualStudioVersion = 10.0.40219.1
Project("{FAE04EC0-301F-11D3-BF4B-00C04F79EFBC}") = "DS-n-Algo", "DS-n-Algo\DS-n-Algo.csproj", "{649CAFB4-DE66-4522-AC1A-F1C243FBAA42}"
EndProject
Global
	GlobalSection(SolutionConfigurationPlatforms) = preSolution
		Debug|Any CPU = Debug|Any CPU
		Release|Any CPU = Release|Any CPU
	EndGlobalSection
	GlobalSection(ProjectConfigurationPlatforms) = postSolution
		{649CAFB4-DE66-4522-AC1A-F1C243FBAA42}.Debug|Any CPU.ActiveCfg = Debug|Any CPU
		{649CAFB4-DE66-4522-AC1A-F1C243FBAA42}.Debug|Any CPU.Build.0 = Debug|Any CPU
		{649CAFB4-DE66-4522-AC1A-F1C243FBAA42}.Release|Any CPU.ActiveCfg = Release|Any CPU
		{649CAFB4-DE66-4522-AC1A-F1C243FBAA42}.Release|Any CPU.Build.0 = Release|Any CPU
	EndGlobalSection
	GlobalSection(SolutionProperties) = preSolution
		HideSolutionNode = FALSE
	EndGlobalSection
	GlobalSection(ExtensibilityGlobals) = postSolution
		SolutionGuid = {D4A35D81-3875-44AD-961D-38F5950A8A11}
	EndGlobalSection
EndGlobal
